
Microsoft Visual Studio Solution File, Format Version 12.00
# Visual Studio 15
VisualStudioVersion = 15.0.26124.0
MinimumVisualStudioVersion = 15.0.26124.0
Project("{2150E333-8FDC-42A3-9474-1A3956D46DE8}") = "src", "src", "{837412B8-AAB2-49BF-B6EA-5C1D82219267}"
EndProject
Project("{FAE04EC0-301F-11D3-BF4B-00C04F79EFBC}") = "gradebook", "src\gradebook\gradebook.csproj", "{97F12CF7-9213-4908-B0FE-8273C13FF462}"
EndProject
Project("{2150E333-8FDC-42A3-9474-1A3956D46DE8}") = "test", "test", "{ABA311D5-FE44-4257-9651-3522CA70AFAB}"
EndProject
Project("{FAE04EC0-301F-11D3-BF4B-00C04F79EFBC}") = "GradeBook.Test", "test\GradeBook.Test\GradeBook.Test.csproj", "{E0124D9C-08A0-4DA6-A9FD-7F7F2E0835CD}"
EndProject
Project("{FAE04EC0-301F-11D3-BF4B-00C04F79EFBC}") = "ACM.BL", "..\Customer Management Sytem\ACM.BL\ACM.BL.csproj", "{4F6C5684-1532-42DF-B344-1E8F288B112E}"
EndProject
Project("{FAE04EC0-301F-11D3-BF4B-00C04F79EFBC}") = "ACM.BLTests", "..\Customer Management Sytem\Tests\ACM.BLTests.csproj", "{248BA61F-1C8E-40DC-B458-0A6FFE02500E}"
EndProject
Project("{FAE04EC0-301F-11D3-BF4B-00C04F79EFBC}") = "Pokemon", "..\Pokemon SOLID\src\Pokemon.csproj", "{5364461D-58E4-4EED-871D-CA9C3E5DBAAA}"
EndProject
Project("{FAE04EC0-301F-11D3-BF4B-00C04F79EFBC}") = "PokeTypes", "..\Pokemon SOLID\src\PokeTypes\PokeTypes.csproj", "{C0A90AA6-3DCD-46D1-86BE-F6758A7CFE5A}"
EndProject
Project("{FAE04EC0-301F-11D3-BF4B-00C04F79EFBC}") = "PokemonTests", "..\Pokemon SOLID\tests\PokemonTests.csproj", "{E8A5E526-61DA-40CE-9C36-8CFEEA2E350B}"
EndProject
Project("{FAE04EC0-301F-11D3-BF4B-00C04F79EFBC}") = "Pokemon.Solid", "..\Pokemon.Solid\Pokemon.Solid.csproj", "{A601D3BA-1ED6-405D-8916-822953577654}"
EndProject
Global
	GlobalSection(SolutionConfigurationPlatforms) = preSolution
		Debug|Any CPU = Debug|Any CPU
		Debug|x64 = Debug|x64
		Debug|x86 = Debug|x86
		Release|Any CPU = Release|Any CPU
		Release|x64 = Release|x64
		Release|x86 = Release|x86
	EndGlobalSection
	GlobalSection(SolutionProperties) = preSolution
		HideSolutionNode = FALSE
	EndGlobalSection
	GlobalSection(ProjectConfigurationPlatforms) = postSolution
		{97F12CF7-9213-4908-B0FE-8273C13FF462}.Debug|Any CPU.ActiveCfg = Debug|Any CPU
		{97F12CF7-9213-4908-B0FE-8273C13FF462}.Debug|Any CPU.Build.0 = Debug|Any CPU
		{97F12CF7-9213-4908-B0FE-8273C13FF462}.Debug|x64.ActiveCfg = Debug|Any CPU
		{97F12CF7-9213-4908-B0FE-8273C13FF462}.Debug|x64.Build.0 = Debug|Any CPU
		{97F12CF7-9213-4908-B0FE-8273C13FF462}.Debug|x86.ActiveCfg = Debug|Any CPU
		{97F12CF7-9213-4908-B0FE-8273C13FF462}.Debug|x86.Build.0 = Debug|Any CPU
		{97F12CF7-9213-4908-B0FE-8273C13FF462}.Release|Any CPU.ActiveCfg = Release|Any CPU
		{97F12CF7-9213-4908-B0FE-8273C13FF462}.Release|Any CPU.Build.0 = Release|Any CPU
		{97F12CF7-9213-4908-B0FE-8273C13FF462}.Release|x64.ActiveCfg = Release|Any CPU
		{97F12CF7-9213-4908-B0FE-8273C13FF462}.Release|x64.Build.0 = Release|Any CPU
		{97F12CF7-9213-4908-B0FE-8273C13FF462}.Release|x86.ActiveCfg = Release|Any CPU
		{97F12CF7-9213-4908-B0FE-8273C13FF462}.Release|x86.Build.0 = Release|Any CPU
		{E0124D9C-08A0-4DA6-A9FD-7F7F2E0835CD}.Debug|Any CPU.ActiveCfg = Debug|Any CPU
		{E0124D9C-08A0-4DA6-A9FD-7F7F2E0835CD}.Debug|Any CPU.Build.0 = Debug|Any CPU
		{E0124D9C-08A0-4DA6-A9FD-7F7F2E0835CD}.Debug|x64.ActiveCfg = Debug|Any CPU
		{E0124D9C-08A0-4DA6-A9FD-7F7F2E0835CD}.Debug|x64.Build.0 = Debug|Any CPU
		{E0124D9C-08A0-4DA6-A9FD-7F7F2E0835CD}.Debug|x86.ActiveCfg = Debug|Any CPU
		{E0124D9C-08A0-4DA6-A9FD-7F7F2E0835CD}.Debug|x86.Build.0 = Debug|Any CPU
		{E0124D9C-08A0-4DA6-A9FD-7F7F2E0835CD}.Release|Any CPU.ActiveCfg = Release|Any CPU
		{E0124D9C-08A0-4DA6-A9FD-7F7F2E0835CD}.Release|Any CPU.Build.0 = Release|Any CPU
		{E0124D9C-08A0-4DA6-A9FD-7F7F2E0835CD}.Release|x64.ActiveCfg = Release|Any CPU
		{E0124D9C-08A0-4DA6-A9FD-7F7F2E0835CD}.Release|x64.Build.0 = Release|Any CPU
		{E0124D9C-08A0-4DA6-A9FD-7F7F2E0835CD}.Release|x86.ActiveCfg = Release|Any CPU
		{E0124D9C-08A0-4DA6-A9FD-7F7F2E0835CD}.Release|x86.Build.0 = Release|Any CPU
		{4F6C5684-1532-42DF-B344-1E8F288B112E}.Debug|Any CPU.ActiveCfg = Debug|Any CPU
		{4F6C5684-1532-42DF-B344-1E8F288B112E}.Debug|Any CPU.Build.0 = Debug|Any CPU
		{4F6C5684-1532-42DF-B344-1E8F288B112E}.Debug|x64.ActiveCfg = Debug|Any CPU
		{4F6C5684-1532-42DF-B344-1E8F288B112E}.Debug|x64.Build.0 = Debug|Any CPU
		{4F6C5684-1532-42DF-B344-1E8F288B112E}.Debug|x86.ActiveCfg = Debug|Any CPU
		{4F6C5684-1532-42DF-B344-1E8F288B112E}.Debug|x86.Build.0 = Debug|Any CPU
		{4F6C5684-1532-42DF-B344-1E8F288B112E}.Release|Any CPU.ActiveCfg = Release|Any CPU
		{4F6C5684-1532-42DF-B344-1E8F288B112E}.Release|Any CPU.Build.0 = Release|Any CPU
		{4F6C5684-1532-42DF-B344-1E8F288B112E}.Release|x64.ActiveCfg = Release|Any CPU
		{4F6C5684-1532-42DF-B344-1E8F288B112E}.Release|x64.Build.0 = Release|Any CPU
		{4F6C5684-1532-42DF-B344-1E8F288B112E}.Release|x86.ActiveCfg = Release|Any CPU
		{4F6C5684-1532-42DF-B344-1E8F288B112E}.Release|x86.Build.0 = Release|Any CPU
		{248BA61F-1C8E-40DC-B458-0A6FFE02500E}.Debug|Any CPU.ActiveCfg = Debug|Any CPU
		{248BA61F-1C8E-40DC-B458-0A6FFE02500E}.Debug|Any CPU.Build.0 = Debug|Any CPU
		{248BA61F-1C8E-40DC-B458-0A6FFE02500E}.Debug|x64.ActiveCfg = Debug|Any CPU
		{248BA61F-1C8E-40DC-B458-0A6FFE02500E}.Debug|x64.Build.0 = Debug|Any CPU
		{248BA61F-1C8E-40DC-B458-0A6FFE02500E}.Debug|x86.ActiveCfg = Debug|Any CPU
		{248BA61F-1C8E-40DC-B458-0A6FFE02500E}.Debug|x86.Build.0 = Debug|Any CPU
		{248BA61F-1C8E-40DC-B458-0A6FFE02500E}.Release|Any CPU.ActiveCfg = Release|Any CPU
		{248BA61F-1C8E-40DC-B458-0A6FFE02500E}.Release|Any CPU.Build.0 = Release|Any CPU
		{248BA61F-1C8E-40DC-B458-0A6FFE02500E}.Release|x64.ActiveCfg = Release|Any CPU
		{248BA61F-1C8E-40DC-B458-0A6FFE02500E}.Release|x64.Build.0 = Release|Any CPU
		{248BA61F-1C8E-40DC-B458-0A6FFE02500E}.Release|x86.ActiveCfg = Release|Any CPU
		{248BA61F-1C8E-40DC-B458-0A6FFE02500E}.Release|x86.Build.0 = Release|Any CPU
		{5364461D-58E4-4EED-871D-CA9C3E5DBAAA}.Debug|Any CPU.ActiveCfg = Debug|Any CPU
		{5364461D-58E4-4EED-871D-CA9C3E5DBAAA}.Debug|Any CPU.Build.0 = Debug|Any CPU
		{5364461D-58E4-4EED-871D-CA9C3E5DBAAA}.Debug|x64.ActiveCfg = Debug|Any CPU
		{5364461D-58E4-4EED-871D-CA9C3E5DBAAA}.Debug|x64.Build.0 = Debug|Any CPU
		{5364461D-58E4-4EED-871D-CA9C3E5DBAAA}.Debug|x86.ActiveCfg = Debug|Any CPU
		{5364461D-58E4-4EED-871D-CA9C3E5DBAAA}.Debug|x86.Build.0 = Debug|Any CPU
		{5364461D-58E4-4EED-871D-CA9C3E5DBAAA}.Release|Any CPU.ActiveCfg = Release|Any CPU
		{5364461D-58E4-4EED-871D-CA9C3E5DBAAA}.Release|Any CPU.Build.0 = Release|Any CPU
		{5364461D-58E4-4EED-871D-CA9C3E5DBAAA}.Release|x64.ActiveCfg = Release|Any CPU
		{5364461D-58E4-4EED-871D-CA9C3E5DBAAA}.Release|x64.Build.0 = Release|Any CPU
		{5364461D-58E4-4EED-871D-CA9C3E5DBAAA}.Release|x86.ActiveCfg = Release|Any CPU
		{5364461D-58E4-4EED-871D-CA9C3E5DBAAA}.Release|x86.Build.0 = Release|Any CPU
		{C0A90AA6-3DCD-46D1-86BE-F6758A7CFE5A}.Debug|Any CPU.ActiveCfg = Debug|Any CPU
		{C0A90AA6-3DCD-46D1-86BE-F6758A7CFE5A}.Debug|Any CPU.Build.0 = Debug|Any CPU
		{C0A90AA6-3DCD-46D1-86BE-F6758A7CFE5A}.Debug|x64.ActiveCfg = Debug|Any CPU
		{C0A90AA6-3DCD-46D1-86BE-F6758A7CFE5A}.Debug|x64.Build.0 = Debug|Any CPU
		{C0A90AA6-3DCD-46D1-86BE-F6758A7CFE5A}.Debug|x86.ActiveCfg = Debug|Any CPU
		{C0A90AA6-3DCD-46D1-86BE-F6758A7CFE5A}.Debug|x86.Build.0 = Debug|Any CPU
		{C0A90AA6-3DCD-46D1-86BE-F6758A7CFE5A}.Release|Any CPU.ActiveCfg = Release|Any CPU
		{C0A90AA6-3DCD-46D1-86BE-F6758A7CFE5A}.Release|Any CPU.Build.0 = Release|Any CPU
		{C0A90AA6-3DCD-46D1-86BE-F6758A7CFE5A}.Release|x64.ActiveCfg = Release|Any CPU
		{C0A90AA6-3DCD-46D1-86BE-F6758A7CFE5A}.Release|x64.Build.0 = Release|Any CPU
		{C0A90AA6-3DCD-46D1-86BE-F6758A7CFE5A}.Release|x86.ActiveCfg = Release|Any CPU
		{C0A90AA6-3DCD-46D1-86BE-F6758A7CFE5A}.Release|x86.Build.0 = Release|Any CPU
		{E8A5E526-61DA-40CE-9C36-8CFEEA2E350B}.Debug|Any CPU.ActiveCfg = Debug|Any CPU
		{E8A5E526-61DA-40CE-9C36-8CFEEA2E350B}.Debug|Any CPU.Build.0 = Debug|Any CPU
		{E8A5E526-61DA-40CE-9C36-8CFEEA2E350B}.Debug|x64.ActiveCfg = Debug|Any CPU
		{E8A5E526-61DA-40CE-9C36-8CFEEA2E350B}.Debug|x64.Build.0 = Debug|Any CPU
		{E8A5E526-61DA-40CE-9C36-8CFEEA2E350B}.Debug|x86.ActiveCfg = Debug|Any CPU
		{E8A5E526-61DA-40CE-9C36-8CFEEA2E350B}.Debug|x86.Build.0 = Debug|Any CPU
		{E8A5E526-61DA-40CE-9C36-8CFEEA2E350B}.Release|Any CPU.ActiveCfg = Release|Any CPU
		{E8A5E526-61DA-40CE-9C36-8CFEEA2E350B}.Release|Any CPU.Build.0 = Release|Any CPU
		{E8A5E526-61DA-40CE-9C36-8CFEEA2E350B}.Release|x64.ActiveCfg = Release|Any CPU
		{E8A5E526-61DA-40CE-9C36-8CFEEA2E350B}.Release|x64.Build.0 = Release|Any CPU
		{E8A5E526-61DA-40CE-9C36-8CFEEA2E350B}.Release|x86.ActiveCfg = Release|Any CPU
		{E8A5E526-61DA-40CE-9C36-8CFEEA2E350B}.Release|x86.Build.0 = Release|Any CPU
		{A601D3BA-1ED6-405D-8916-822953577654}.Debug|Any CPU.ActiveCfg = Debug|Any CPU
		{A601D3BA-1ED6-405D-8916-822953577654}.Debug|Any CPU.Build.0 = Debug|Any CPU
		{A601D3BA-1ED6-405D-8916-822953577654}.Debug|x64.ActiveCfg = Debug|Any CPU
		{A601D3BA-1ED6-405D-8916-822953577654}.Debug|x64.Build.0 = Debug|Any CPU
		{A601D3BA-1ED6-405D-8916-822953577654}.Debug|x86.ActiveCfg = Debug|Any CPU
		{A601D3BA-1ED6-405D-8916-822953577654}.Debug|x86.Build.0 = Debug|Any CPU
		{A601D3BA-1ED6-405D-8916-822953577654}.Release|Any CPU.ActiveCfg = Release|Any CPU
		{A601D3BA-1ED6-405D-8916-822953577654}.Release|Any CPU.Build.0 = Release|Any CPU
		{A601D3BA-1ED6-405D-8916-822953577654}.Release|x64.ActiveCfg = Release|Any CPU
		{A601D3BA-1ED6-405D-8916-822953577654}.Release|x64.Build.0 = Release|Any CPU
		{A601D3BA-1ED6-405D-8916-822953577654}.Release|x86.ActiveCfg = Release|Any CPU
		{A601D3BA-1ED6-405D-8916-822953577654}.Release|x86.Build.0 = Release|Any CPU
	EndGlobalSection
	GlobalSection(NestedProjects) = preSolution
		{97F12CF7-9213-4908-B0FE-8273C13FF462} = {837412B8-AAB2-49BF-B6EA-5C1D82219267}
		{E0124D9C-08A0-4DA6-A9FD-7F7F2E0835CD} = {ABA311D5-FE44-4257-9651-3522CA70AFAB}
	EndGlobalSection
EndGlobal
